
Microsoft Visual Studio Solution File, Format Version 12.00
# Visual Studio 2013
VisualStudioVersion = 12.0.30501.0
MinimumVisualStudioVersion = 10.0.40219.1
Project("{262852C6-CD72-467D-83FE-5EEB1973A190}") = "Isuct.UniversitySchedule", "Isuct.UniversitySchedule\Isuct.UniversitySchedule.jsproj", "{D02BDBD9-C5D4-4EC5-B759-F1C761942E8F}"
EndProject
Global
	GlobalSection(SolutionConfigurationPlatforms) = preSolution
		Debug|Android = Debug|Android
		Debug|Any CPU = Debug|Any CPU
		Debug|iOS = Debug|iOS
		Debug|Mixed Platforms = Debug|Mixed Platforms
		Debug|Windows Phone = Debug|Windows Phone
		Debug|Windows-AnyCPU = Debug|Windows-AnyCPU
		Debug|Windows-ARM = Debug|Windows-ARM
		Debug|Windows-x64 = Debug|Windows-x64
		Debug|Windows-x86 = Debug|Windows-x86
		Distribution|Android = Distribution|Android
		Distribution|Any CPU = Distribution|Any CPU
		Distribution|iOS = Distribution|iOS
		Distribution|Mixed Platforms = Distribution|Mixed Platforms
		Distribution|Windows Phone = Distribution|Windows Phone
		Distribution|Windows-AnyCPU = Distribution|Windows-AnyCPU
		Distribution|Windows-ARM = Distribution|Windows-ARM
		Distribution|Windows-x64 = Distribution|Windows-x64
		Distribution|Windows-x86 = Distribution|Windows-x86
		Release|Android = Release|Android
		Release|Any CPU = Release|Any CPU
		Release|iOS = Release|iOS
		Release|Mixed Platforms = Release|Mixed Platforms
		Release|Windows Phone = Release|Windows Phone
		Release|Windows-AnyCPU = Release|Windows-AnyCPU
		Release|Windows-ARM = Release|Windows-ARM
		Release|Windows-x64 = Release|Windows-x64
		Release|Windows-x86 = Release|Windows-x86
	EndGlobalSection
	GlobalSection(ProjectConfigurationPlatforms) = postSolution
		{D02BDBD9-C5D4-4EC5-B759-F1C761942E8F}.Debug|Android.ActiveCfg = Debug|Android
		{D02BDBD9-C5D4-4EC5-B759-F1C761942E8F}.Debug|Android.Build.0 = Debug|Android
		{D02BDBD9-C5D4-4EC5-B759-F1C761942E8F}.Debug|Android.Deploy.0 = Debug|Android
		{D02BDBD9-C5D4-4EC5-B759-F1C761942E8F}.Debug|Any CPU.ActiveCfg = Debug|Android
		{D02BDBD9-C5D4-4EC5-B759-F1C761942E8F}.Debug|iOS.ActiveCfg = Debug|iOS
		{D02BDBD9-C5D4-4EC5-B759-F1C761942E8F}.Debug|iOS.Build.0 = Debug|iOS
		{D02BDBD9-C5D4-4EC5-B759-F1C761942E8F}.Debug|iOS.Deploy.0 = Debug|iOS
		{D02BDBD9-C5D4-4EC5-B759-F1C761942E8F}.Debug|Mixed Platforms.ActiveCfg = Debug|Android
		{D02BDBD9-C5D4-4EC5-B759-F1C761942E8F}.Debug|Mixed Platforms.Build.0 = Debug|Android
		{D02BDBD9-C5D4-4EC5-B759-F1C761942E8F}.Debug|Mixed Platforms.Deploy.0 = Debug|Android
		{D02BDBD9-C5D4-4EC5-B759-F1C761942E8F}.Debug|Windows Phone.ActiveCfg = Debug|Windows Phone
		{D02BDBD9-C5D4-4EC5-B759-F1C761942E8F}.Debug|Windows Phone.Build.0 = Debug|Windows Phone
		{D02BDBD9-C5D4-4EC5-B759-F1C761942E8F}.Debug|Windows Phone.Deploy.0 = Debug|Windows Phone
		{D02BDBD9-C5D4-4EC5-B759-F1C761942E8F}.Debug|Windows-AnyCPU.ActiveCfg = Debug|Windows-AnyCPU
		{D02BDBD9-C5D4-4EC5-B759-F1C761942E8F}.Debug|Windows-AnyCPU.Build.0 = Debug|Windows-AnyCPU
		{D02BDBD9-C5D4-4EC5-B759-F1C761942E8F}.Debug|Windows-AnyCPU.Deploy.0 = Debug|Windows-AnyCPU
		{D02BDBD9-C5D4-4EC5-B759-F1C761942E8F}.Debug|Windows-ARM.ActiveCfg = Debug|Windows-ARM
		{D02BDBD9-C5D4-4EC5-B759-F1C761942E8F}.Debug|Windows-ARM.Build.0 = Debug|Windows-ARM
		{D02BDBD9-C5D4-4EC5-B759-F1C761942E8F}.Debug|Windows-ARM.Deploy.0 = Debug|Windows-ARM
		{D02BDBD9-C5D4-4EC5-B759-F1C761942E8F}.Debug|Windows-x64.ActiveCfg = Debug|Windows-x64
		{D02BDBD9-C5D4-4EC5-B759-F1C761942E8F}.Debug|Windows-x64.Build.0 = Debug|Windows-x64
		{D02BDBD9-C5D4-4EC5-B759-F1C761942E8F}.Debug|Windows-x64.Deploy.0 = Debug|Windows-x64
		{D02BDBD9-C5D4-4EC5-B759-F1C761942E8F}.Debug|Windows-x86.ActiveCfg = Debug|Windows-x86
		{D02BDBD9-C5D4-4EC5-B759-F1C761942E8F}.Debug|Windows-x86.Build.0 = Debug|Windows-x86
		{D02BDBD9-C5D4-4EC5-B759-F1C761942E8F}.Debug|Windows-x86.Deploy.0 = Debug|Windows-x86
		{D02BDBD9-C5D4-4EC5-B759-F1C761942E8F}.Distribution|Android.ActiveCfg = Distribution|Android
		{D02BDBD9-C5D4-4EC5-B759-F1C761942E8F}.Distribution|Android.Build.0 = Distribution|Android
		{D02BDBD9-C5D4-4EC5-B759-F1C761942E8F}.Distribution|Android.Deploy.0 = Distribution|Android
		{D02BDBD9-C5D4-4EC5-B759-F1C761942E8F}.Distribution|Any CPU.ActiveCfg = Distribution|Android
		{D02BDBD9-C5D4-4EC5-B759-F1C761942E8F}.Distribution|iOS.ActiveCfg = Distribution|iOS
		{D02BDBD9-C5D4-4EC5-B759-F1C761942E8F}.Distribution|iOS.Build.0 = Distribution|iOS
		{D02BDBD9-C5D4-4EC5-B759-F1C761942E8F}.Distribution|iOS.Deploy.0 = Distribution|iOS
		{D02BDBD9-C5D4-4EC5-B759-F1C761942E8F}.Distribution|Mixed Platforms.ActiveCfg = Distribution|Android
		{D02BDBD9-C5D4-4EC5-B759-F1C761942E8F}.Distribution|Mixed Platforms.Build.0 = Distribution|Android
		{D02BDBD9-C5D4-4EC5-B759-F1C761942E8F}.Distribution|Mixed Platforms.Deploy.0 = Distribution|Android
		{D02BDBD9-C5D4-4EC5-B759-F1C761942E8F}.Distribution|Windows Phone.ActiveCfg = Distribution|Windows Phone
		{D02BDBD9-C5D4-4EC5-B759-F1C761942E8F}.Distribution|Windows Phone.Build.0 = Distribution|Windows Phone
		{D02BDBD9-C5D4-4EC5-B759-F1C761942E8F}.Distribution|Windows Phone.Deploy.0 = Distribution|Windows Phone
		{D02BDBD9-C5D4-4EC5-B759-F1C761942E8F}.Distribution|Windows-AnyCPU.ActiveCfg = Distribution|Windows-AnyCPU
		{D02BDBD9-C5D4-4EC5-B759-F1C761942E8F}.Distribution|Windows-AnyCPU.Build.0 = Distribution|Windows-AnyCPU
		{D02BDBD9-C5D4-4EC5-B759-F1C761942E8F}.Distribution|Windows-AnyCPU.Deploy.0 = Distribution|Windows-AnyCPU
		{D02BDBD9-C5D4-4EC5-B759-F1C761942E8F}.Distribution|Windows-ARM.ActiveCfg = Distribution|Windows-ARM
		{D02BDBD9-C5D4-4EC5-B759-F1C761942E8F}.Distribution|Windows-ARM.Build.0 = Distribution|Windows-ARM
		{D02BDBD9-C5D4-4EC5-B759-F1C761942E8F}.Distribution|Windows-ARM.Deploy.0 = Distribution|Windows-ARM
		{D02BDBD9-C5D4-4EC5-B759-F1C761942E8F}.Distribution|Windows-x64.ActiveCfg = Distribution|Windows-x64
		{D02BDBD9-C5D4-4EC5-B759-F1C761942E8F}.Distribution|Windows-x64.Build.0 = Distribution|Windows-x64
		{D02BDBD9-C5D4-4EC5-B759-F1C761942E8F}.Distribution|Windows-x64.Deploy.0 = Distribution|Windows-x64
		{D02BDBD9-C5D4-4EC5-B759-F1C761942E8F}.Distribution|Windows-x86.ActiveCfg = Distribution|Windows-x86
		{D02BDBD9-C5D4-4EC5-B759-F1C761942E8F}.Distribution|Windows-x86.Build.0 = Distribution|Windows-x86
		{D02BDBD9-C5D4-4EC5-B759-F1C761942E8F}.Distribution|Windows-x86.Deploy.0 = Distribution|Windows-x86
		{D02BDBD9-C5D4-4EC5-B759-F1C761942E8F}.Release|Android.ActiveCfg = Release|Android
		{D02BDBD9-C5D4-4EC5-B759-F1C761942E8F}.Release|Android.Build.0 = Release|Android
		{D02BDBD9-C5D4-4EC5-B759-F1C761942E8F}.Release|Android.Deploy.0 = Release|Android
		{D02BDBD9-C5D4-4EC5-B759-F1C761942E8F}.Release|Any CPU.ActiveCfg = Release|Android
		{D02BDBD9-C5D4-4EC5-B759-F1C761942E8F}.Release|iOS.ActiveCfg = Release|iOS
		{D02BDBD9-C5D4-4EC5-B759-F1C761942E8F}.Release|iOS.Build.0 = Release|iOS
		{D02BDBD9-C5D4-4EC5-B759-F1C761942E8F}.Release|iOS.Deploy.0 = Release|iOS
		{D02BDBD9-C5D4-4EC5-B759-F1C761942E8F}.Release|Mixed Platforms.ActiveCfg = Release|Android
		{D02BDBD9-C5D4-4EC5-B759-F1C761942E8F}.Release|Mixed Platforms.Build.0 = Release|Android
		{D02BDBD9-C5D4-4EC5-B759-F1C761942E8F}.Release|Mixed Platforms.Deploy.0 = Release|Android
		{D02BDBD9-C5D4-4EC5-B759-F1C761942E8F}.Release|Windows Phone.ActiveCfg = Release|Windows Phone
		{D02BDBD9-C5D4-4EC5-B759-F1C761942E8F}.Release|Windows Phone.Build.0 = Release|Windows Phone
		{D02BDBD9-C5D4-4EC5-B759-F1C761942E8F}.Release|Windows Phone.Deploy.0 = Release|Windows Phone
		{D02BDBD9-C5D4-4EC5-B759-F1C761942E8F}.Release|Windows-AnyCPU.ActiveCfg = Release|Windows-AnyCPU
		{D02BDBD9-C5D4-4EC5-B759-F1C761942E8F}.Release|Windows-AnyCPU.Build.0 = Release|Windows-AnyCPU
		{D02BDBD9-C5D4-4EC5-B759-F1C761942E8F}.Release|Windows-AnyCPU.Deploy.0 = Release|Windows-AnyCPU
		{D02BDBD9-C5D4-4EC5-B759-F1C761942E8F}.Release|Windows-ARM.ActiveCfg = Release|Windows-ARM
		{D02BDBD9-C5D4-4EC5-B759-F1C761942E8F}.Release|Windows-ARM.Build.0 = Release|Windows-ARM
		{D02BDBD9-C5D4-4EC5-B759-F1C761942E8F}.Release|Windows-ARM.Deploy.0 = Release|Windows-ARM
		{D02BDBD9-C5D4-4EC5-B759-F1C761942E8F}.Release|Windows-x64.ActiveCfg = Release|Windows-x64
		{D02BDBD9-C5D4-4EC5-B759-F1C761942E8F}.Release|Windows-x64.Build.0 = Release|Windows-x64
		{D02BDBD9-C5D4-4EC5-B759-F1C761942E8F}.Release|Windows-x64.Deploy.0 = Release|Windows-x64
		{D02BDBD9-C5D4-4EC5-B759-F1C761942E8F}.Release|Windows-x86.ActiveCfg = Release|Windows-x86
		{D02BDBD9-C5D4-4EC5-B759-F1C761942E8F}.Release|Windows-x86.Build.0 = Release|Windows-x86
		{D02BDBD9-C5D4-4EC5-B759-F1C761942E8F}.Release|Windows-x86.Deploy.0 = Release|Windows-x86
	EndGlobalSection
	GlobalSection(SolutionProperties) = preSolution
		HideSolutionNode = FALSE
	EndGlobalSection
EndGlobal
